
Microsoft Visual Studio Solution File, Format Version 12.00
# Visual Studio 15
Project("{FAE04EC0-301F-11D3-BF4B-00C04F79EFBC}") = "SocketIOUnityAssembly", "SocketIOUnityAssembly.csproj", "{9C9F4F96-F722-243C-362B-C8B9FC08019B}"
EndProject
Project("{FAE04EC0-301F-11D3-BF4B-00C04F79EFBC}") = "Assembly-CSharp", "Assembly-CSharp.csproj", "{1836FD73-3531-D8A3-57B2-157168C0BC90}"
EndProject
Project("{FAE04EC0-301F-11D3-BF4B-00C04F79EFBC}") = "Assembly-CSharp-Editor", "Assembly-CSharp-Editor.csproj", "{A7A895EF-C073-D82A-3E30-94CE848F3C14}"
EndProject
Global
	GlobalSection(SolutionConfigurationPlatforms) = preSolution
		Debug|Any CPU = Debug|Any CPU
		Release|Any CPU = Release|Any CPU
	EndGlobalSection
	GlobalSection(ProjectConfigurationPlatforms) = postSolution
		{9C9F4F96-F722-243C-362B-C8B9FC08019B}.Debug|Any CPU.ActiveCfg = Debug|Any CPU
		{9C9F4F96-F722-243C-362B-C8B9FC08019B}.Debug|Any CPU.Build.0 = Debug|Any CPU
		{9C9F4F96-F722-243C-362B-C8B9FC08019B}.Release|Any CPU.ActiveCfg = Release|Any CPU
		{9C9F4F96-F722-243C-362B-C8B9FC08019B}.Release|Any CPU.Build.0 = Release|Any CPU
		{1836FD73-3531-D8A3-57B2-157168C0BC90}.Debug|Any CPU.ActiveCfg = Debug|Any CPU
		{1836FD73-3531-D8A3-57B2-157168C0BC90}.Debug|Any CPU.Build.0 = Debug|Any CPU
		{1836FD73-3531-D8A3-57B2-157168C0BC90}.Release|Any CPU.ActiveCfg = Release|Any CPU
		{1836FD73-3531-D8A3-57B2-157168C0BC90}.Release|Any CPU.Build.0 = Release|Any CPU
		{A7A895EF-C073-D82A-3E30-94CE848F3C14}.Debug|Any CPU.ActiveCfg = Debug|Any CPU
		{A7A895EF-C073-D82A-3E30-94CE848F3C14}.Debug|Any CPU.Build.0 = Debug|Any CPU
		{A7A895EF-C073-D82A-3E30-94CE848F3C14}.Release|Any CPU.ActiveCfg = Release|Any CPU
		{A7A895EF-C073-D82A-3E30-94CE848F3C14}.Release|Any CPU.Build.0 = Release|Any CPU
	EndGlobalSection
	GlobalSection(SolutionProperties) = preSolution
		HideSolutionNode = FALSE
	EndGlobalSection
EndGlobal
